
Microsoft Visual Studio Solution File, Format Version 12.00
Project("{FAE04EC0-301F-11D3-BF4B-00C04F79EFBC}") = "P8Conversion", "P8Conversion\P8Conversion.csproj", "{420EDC89-EB1F-4371-8297-65EC7EF39995}"
EndProject
Global
	GlobalSection(SolutionConfigurationPlatforms) = preSolution
		Debug|Any CPU = Debug|Any CPU
		Release|Any CPU = Release|Any CPU
	EndGlobalSection
	GlobalSection(ProjectConfigurationPlatforms) = postSolution
		{420EDC89-EB1F-4371-8297-65EC7EF39995}.Debug|Any CPU.ActiveCfg = Debug|Any CPU
		{420EDC89-EB1F-4371-8297-65EC7EF39995}.Debug|Any CPU.Build.0 = Debug|Any CPU
		{420EDC89-EB1F-4371-8297-65EC7EF39995}.Release|Any CPU.ActiveCfg = Release|Any CPU
		{420EDC89-EB1F-4371-8297-65EC7EF39995}.Release|Any CPU.Build.0 = Release|Any CPU
	EndGlobalSection
EndGlobal
